{
  "name": "boss",
  "version": "1.0.0",
  "lockfileVersion": 3,
  "requires": true,
  "packages": {
    "": {
      "name": "boss",
      "version": "1.0.0",
      "license": "ISC",
      "dependencies": {
        "@netlify/neon": "^0.6.0"
      }
    },
    "node_modules/@netlify/neon": {
      "version": "0.6.0",
      "resolved": "https://registry.npmjs.org/@netlify/neon/-/neon-0.6.0.tgz",
      "integrity": "sha512-+Qw1QnQn6Qw1QnQn6Qw1QnQn6Qw1QnQn6Qw1QnQn6Qw1QnQn6Qw1QnQn6Qw1QnQn6Qw1QnQn6Qw1QnQn6Qw1QnQn6Q==",
      "license": "MIT"
    }
  }
}
